
Microsoft Visual Studio Solution File, Format Version 12.00
# Visual Studio Version 17
VisualStudioVersion = 17.7.34024.191
MinimumVisualStudioVersion = 10.0.40219.1
Project("{FAE04EC0-301F-11D3-BF4B-00C04F79EFBC}") = "Exercise-Part1", "Exercise-Part1\Exercise-Part1.csproj", "{AEB7C36F-76F6-42BB-B5D3-26995D176754}"
EndProject
Project("{FAE04EC0-301F-11D3-BF4B-00C04F79EFBC}") = "Exercise1-Part2", "Exercise1-Part2\Exercise1-Part2.csproj", "{C6C69019-8762-4CDE-8C97-B66F61104553}"
EndProject
Global
	GlobalSection(SolutionConfigurationPlatforms) = preSolution
		Debug|Any CPU = Debug|Any CPU
		Release|Any CPU = Release|Any CPU
	EndGlobalSection
	GlobalSection(ProjectConfigurationPlatforms) = postSolution
		{AEB7C36F-76F6-42BB-B5D3-26995D176754}.Debug|Any CPU.ActiveCfg = Debug|Any CPU
		{AEB7C36F-76F6-42BB-B5D3-26995D176754}.Debug|Any CPU.Build.0 = Debug|Any CPU
		{AEB7C36F-76F6-42BB-B5D3-26995D176754}.Release|Any CPU.ActiveCfg = Release|Any CPU
		{AEB7C36F-76F6-42BB-B5D3-26995D176754}.Release|Any CPU.Build.0 = Release|Any CPU
		{C6C69019-8762-4CDE-8C97-B66F61104553}.Debug|Any CPU.ActiveCfg = Debug|Any CPU
		{C6C69019-8762-4CDE-8C97-B66F61104553}.Debug|Any CPU.Build.0 = Debug|Any CPU
		{C6C69019-8762-4CDE-8C97-B66F61104553}.Release|Any CPU.ActiveCfg = Release|Any CPU
		{C6C69019-8762-4CDE-8C97-B66F61104553}.Release|Any CPU.Build.0 = Release|Any CPU
	EndGlobalSection
	GlobalSection(SolutionProperties) = preSolution
		HideSolutionNode = FALSE
	EndGlobalSection
	GlobalSection(ExtensibilityGlobals) = postSolution
		SolutionGuid = {0C4A56F5-9B95-41E0-878C-69F56EDD421C}
	EndGlobalSection
EndGlobal
