
Microsoft Visual Studio Solution File, Format Version 12.00
# Visual Studio Version 17
VisualStudioVersion = 17.7.34024.191
MinimumVisualStudioVersion = 10.0.40219.1
Project("{FAE04EC0-301F-11D3-BF4B-00C04F79EFBC}") = "WinForms", "WinForms\WinForms.csproj", "{187D22E3-1683-4686-B17A-5FDAC70B21DD}"
EndProject
Global
	GlobalSection(SolutionConfigurationPlatforms) = preSolution
		Debug|Any CPU = Debug|Any CPU
		Release|Any CPU = Release|Any CPU
	EndGlobalSection
	GlobalSection(ProjectConfigurationPlatforms) = postSolution
		{187D22E3-1683-4686-B17A-5FDAC70B21DD}.Debug|Any CPU.ActiveCfg = Debug|Any CPU
		{187D22E3-1683-4686-B17A-5FDAC70B21DD}.Debug|Any CPU.Build.0 = Debug|Any CPU
		{187D22E3-1683-4686-B17A-5FDAC70B21DD}.Release|Any CPU.ActiveCfg = Release|Any CPU
		{187D22E3-1683-4686-B17A-5FDAC70B21DD}.Release|Any CPU.Build.0 = Release|Any CPU
	EndGlobalSection
	GlobalSection(SolutionProperties) = preSolution
		HideSolutionNode = FALSE
	EndGlobalSection
	GlobalSection(ExtensibilityGlobals) = postSolution
		SolutionGuid = {3D80F3F5-8791-4B87-8EBC-C35CCA936B52}
	EndGlobalSection
EndGlobal
